
Microsoft Visual Studio Solution File, Format Version 12.00
# Visual Studio Version 17
VisualStudioVersion = 17.11.35208.52
MinimumVisualStudioVersion = 10.0.40219.1
Project("{FAE04EC0-301F-11D3-BF4B-00C04F79EFBC}") = "HelloWorld", "HelloWorld\HelloWorld.csproj", "{63472264-4A84-4E29-8B6C-E97805BB95F6}"
EndProject
Project("{FAE04EC0-301F-11D3-BF4B-00C04F79EFBC}") = "4.HocGenerics", "HocGenerics\4.HocGenerics.csproj", "{4604DC52-6118-4807-9852-1256D66D93DE}"
EndProject
Project("{FAE04EC0-301F-11D3-BF4B-00C04F79EFBC}") = "5.HocImplicitType", "HocImplicitType\5.HocImplicitType.csproj", "{47160F2C-F7E7-48F7-8847-F0FD3974071C}"
EndProject
Project("{FAE04EC0-301F-11D3-BF4B-00C04F79EFBC}") = "6.HocObjectInitialzer", "HocObjectInitialzer\6.HocObjectInitialzer.csproj", "{8057D18E-8D19-48A4-9022-04F154FA825A}"
EndProject
Project("{FAE04EC0-301F-11D3-BF4B-00C04F79EFBC}") = "7.HocAnomousType", "HocAnomousType\7.HocAnomousType.csproj", "{8A535087-E0DD-4EFF-9C31-19730D21584A}"
EndProject
Project("{FAE04EC0-301F-11D3-BF4B-00C04F79EFBC}") = "8.HocExtensionMethod", "HocExtensionMethod\8.HocExtensionMethod.csproj", "{27F0BF4B-AF86-483A-96E6-06A7CFF44944}"
EndProject
Project("{FAE04EC0-301F-11D3-BF4B-00C04F79EFBC}") = "9.1.HocDelegate", "HocDelegate\9.1.HocDelegate.csproj", "{DDA2261C-E4CE-4531-8652-DDA524F151E2}"
EndProject
Project("{FAE04EC0-301F-11D3-BF4B-00C04F79EFBC}") = "9.2.HocDelegate_ListBox", "HocDelegate_ListBox\9.2.HocDelegate_ListBox.csproj", "{DF1AE16C-83DF-458C-AB04-5C0692E62856}"
EndProject
Project("{FAE04EC0-301F-11D3-BF4B-00C04F79EFBC}") = "10.HocLambdaExpression", "HocLambdaExpression\10.HocLambdaExpression.csproj", "{6DC3A497-C3EF-4F62-8C10-CDC7C91D4869}"
EndProject
Project("{FAE04EC0-301F-11D3-BF4B-00C04F79EFBC}") = "11.HocCacLoaiCuPhapLinQ", "HocCacLoaiCuPhapLinQ\11.HocCacLoaiCuPhapLinQ.csproj", "{D5232650-B4AB-4B94-8DF8-32804A2B837F}"
EndProject
Project("{FAE04EC0-301F-11D3-BF4B-00C04F79EFBC}") = "12.HocLazyLoading", "HocLazyLoading\12.HocLazyLoading.csproj", "{53972BC3-4F1D-4D9A-9E88-94239E68BD1A}"
EndProject
Project("{FAE04EC0-301F-11D3-BF4B-00C04F79EFBC}") = "13.BaiTapRenLuyenKyThuatLinQ", "BaiTapRenLuyenKyThuatLinQ\13.BaiTapRenLuyenKyThuatLinQ.csproj", "{785D15AD-6F3D-4957-A5ED-A2CAE03DC009}"
EndProject
Project("{FAE04EC0-301F-11D3-BF4B-00C04F79EFBC}") = "14.HocForeach", "HocForeach\14.HocForeach.csproj", "{67B8E670-0444-4EE5-BCE9-02FAC2442EC6}"
EndProject
Project("{FAE04EC0-301F-11D3-BF4B-00C04F79EFBC}") = "15.HocExists", "HocExists\15.HocExists.csproj", "{E00CE574-2656-439B-9F77-05209F32A16C}"
EndProject
Project("{FAE04EC0-301F-11D3-BF4B-00C04F79EFBC}") = "16.HocFind", "HocFind\16.HocFind.csproj", "{99A59E1F-B190-4397-B77D-589513B97E3B}"
EndProject
Project("{FAE04EC0-301F-11D3-BF4B-00C04F79EFBC}") = "17.HocFindAll", "HocFindAll\17.HocFindAll.csproj", "{B1988FD9-15CC-4CAC-BE3A-8AA89868AADF}"
EndProject
Project("{FAE04EC0-301F-11D3-BF4B-00C04F79EFBC}") = "18.HocFindIndex", "HocFindIndex\18.HocFindIndex.csproj", "{F4F52869-99C9-4280-938A-E2BD2ECD3D93}"
EndProject
Project("{FAE04EC0-301F-11D3-BF4B-00C04F79EFBC}") = "19.HocFindLast", "HocFindLast\19.HocFindLast.csproj", "{F8E50320-F931-4022-B58F-5EAEC032BB55}"
EndProject
Project("{FAE04EC0-301F-11D3-BF4B-00C04F79EFBC}") = "20.HocFindLastIndex", "HocFindLastIndex\20.HocFindLastIndex.csproj", "{EA269790-0159-4B95-915F-BEBDBDB7C134}"
EndProject
Project("{FAE04EC0-301F-11D3-BF4B-00C04F79EFBC}") = "21.HocRemoveAll", "HocRemoveAll\21.HocRemoveAll.csproj", "{7E1A082F-D967-4253-9C1A-965910E0F5E2}"
EndProject
Project("{FAE04EC0-301F-11D3-BF4B-00C04F79EFBC}") = "22.HocTrueForAll", "HocTrueForAll\22.HocTrueForAll.csproj", "{30B8EBAC-0B8A-4DC0-A85C-3FDF0A0C14F9}"
EndProject
Project("{FAE04EC0-301F-11D3-BF4B-00C04F79EFBC}") = "23.HocSelect", "HocSelect\23.HocSelect.csproj", "{52D62361-43FA-4193-B6F0-E99C7BE8D5BC}"
EndProject
Project("{FAE04EC0-301F-11D3-BF4B-00C04F79EFBC}") = "24.HocWhere", "HocWhere\24.HocWhere.csproj", "{AFFBA24D-37A6-4A94-A8BC-807750675288}"
EndProject
Project("{FAE04EC0-301F-11D3-BF4B-00C04F79EFBC}") = "25.HocOrderByOrderDes", "HocOrderByOrderDes\25.HocOrderByOrderDes.csproj", "{B62B836B-348B-4B03-A6CD-953EAE8BCD5D}"
EndProject
Project("{FAE04EC0-301F-11D3-BF4B-00C04F79EFBC}") = "26.HocOfType", "HocOfType\26.HocOfType.csproj", "{42B3D71A-644D-4BBC-A3D8-EA16715A9B0D}"
EndProject
Project("{FAE04EC0-301F-11D3-BF4B-00C04F79EFBC}") = "27.HocAll", "HocAll\27.HocAll.csproj", "{FB5F12E7-087B-46DC-92BE-14FCB0119A72}"
EndProject
Project("{FAE04EC0-301F-11D3-BF4B-00C04F79EFBC}") = "28.HocAny", "HocAny\28.HocAny.csproj", "{67FBF8DD-2FB3-4438-841D-03AAC403A8F4}"
EndProject
Project("{FAE04EC0-301F-11D3-BF4B-00C04F79EFBC}") = "29.HocMaxMin", "HocMaxMin\29.HocMaxMin.csproj", "{59BEB87F-9168-4BAE-9A01-81367DACDE9C}"
EndProject
Project("{FAE04EC0-301F-11D3-BF4B-00C04F79EFBC}") = "30.HocFirstOrDefault", "HocFirstOrDefault\30.HocFirstOrDefault.csproj", "{0F60DCF5-33F0-4B3B-A0F1-164EA10A8C13}"
EndProject
Project("{FAE04EC0-301F-11D3-BF4B-00C04F79EFBC}") = "31.HocSkip", "HocSkip\31.HocSkip.csproj", "{99512190-3D97-4D50-BE6E-E9551F1CF5D0}"
EndProject
Project("{FAE04EC0-301F-11D3-BF4B-00C04F79EFBC}") = "32.HocSkipWhile", "HocSkipWhile\32.HocSkipWhile.csproj", "{D02DCE9A-0984-4FCA-8C34-713771B09482}"
EndProject
Project("{FAE04EC0-301F-11D3-BF4B-00C04F79EFBC}") = "33.HocTake", "HocTake\33.HocTake.csproj", "{07ECF8A8-CDD4-4823-A78F-1B4DE39F32D6}"
EndProject
Project("{FAE04EC0-301F-11D3-BF4B-00C04F79EFBC}") = "34.HocTakeWhile", "HocTakeWhile\34.HocTakeWhile.csproj", "{AAE327AE-30DE-4CB3-A51C-4702BEDC0CFE}"
EndProject
Project("{FAE04EC0-301F-11D3-BF4B-00C04F79EFBC}") = "35.HocToArray", "HocToArray\35.HocToArray.csproj", "{9EBB31A4-AB8E-4DA0-BCDE-CC9A1FD2B633}"
EndProject
Project("{FAE04EC0-301F-11D3-BF4B-00C04F79EFBC}") = "36.HocToDictionary", "HocToDictionary\36.HocToDictionary.csproj", "{C1B1FAE7-8E31-4962-B9A8-7E1DE74F05B2}"
EndProject
Project("{FAE04EC0-301F-11D3-BF4B-00C04F79EFBC}") = "HocToList", "HocToList\HocToList.csproj", "{08275D3C-E975-44A2-91A7-2A7A4107AC3A}"
EndProject
Project("{FAE04EC0-301F-11D3-BF4B-00C04F79EFBC}") = "BaiTapRenLuyen_QLSP", "BaiTapRenLuyen_QLSP\BaiTapRenLuyen_QLSP.csproj", "{10AB5659-3CEA-436E-BE1B-4E167153B7DB}"
EndProject
Project("{FAE04EC0-301F-11D3-BF4B-00C04F79EFBC}") = "HocLinQtoSQL", "HocLinQtoSQL\HocLinQtoSQL.csproj", "{8D31E0A7-A1BD-4623-BA2B-CBD6591490D0}"
EndProject
Project("{FAE04EC0-301F-11D3-BF4B-00C04F79EFBC}") = "BaiTapTongHop_QLSP", "BaiTapTongHop_QLSP\BaiTapTongHop_QLSP.csproj", "{639E55EB-8D6D-42B9-90F5-711A369699A5}"
EndProject
Project("{FAE04EC0-301F-11D3-BF4B-00C04F79EFBC}") = "BaiTapRenLuyen_QuanLySach", "BaiTapRenLuyen_QuanLySach\BaiTapRenLuyen_QuanLySach.csproj", "{B4BC5B37-3BAD-4B9E-BB00-F8D02F51D736}"
EndProject
Global
	GlobalSection(SolutionConfigurationPlatforms) = preSolution
		Debug|Any CPU = Debug|Any CPU
		Release|Any CPU = Release|Any CPU
	EndGlobalSection
	GlobalSection(ProjectConfigurationPlatforms) = postSolution
		{63472264-4A84-4E29-8B6C-E97805BB95F6}.Debug|Any CPU.ActiveCfg = Debug|Any CPU
		{63472264-4A84-4E29-8B6C-E97805BB95F6}.Debug|Any CPU.Build.0 = Debug|Any CPU
		{63472264-4A84-4E29-8B6C-E97805BB95F6}.Release|Any CPU.ActiveCfg = Release|Any CPU
		{63472264-4A84-4E29-8B6C-E97805BB95F6}.Release|Any CPU.Build.0 = Release|Any CPU
		{4604DC52-6118-4807-9852-1256D66D93DE}.Debug|Any CPU.ActiveCfg = Debug|Any CPU
		{4604DC52-6118-4807-9852-1256D66D93DE}.Debug|Any CPU.Build.0 = Debug|Any CPU
		{4604DC52-6118-4807-9852-1256D66D93DE}.Release|Any CPU.ActiveCfg = Release|Any CPU
		{4604DC52-6118-4807-9852-1256D66D93DE}.Release|Any CPU.Build.0 = Release|Any CPU
		{47160F2C-F7E7-48F7-8847-F0FD3974071C}.Debug|Any CPU.ActiveCfg = Debug|Any CPU
		{47160F2C-F7E7-48F7-8847-F0FD3974071C}.Debug|Any CPU.Build.0 = Debug|Any CPU
		{47160F2C-F7E7-48F7-8847-F0FD3974071C}.Release|Any CPU.ActiveCfg = Release|Any CPU
		{47160F2C-F7E7-48F7-8847-F0FD3974071C}.Release|Any CPU.Build.0 = Release|Any CPU
		{8057D18E-8D19-48A4-9022-04F154FA825A}.Debug|Any CPU.ActiveCfg = Debug|Any CPU
		{8057D18E-8D19-48A4-9022-04F154FA825A}.Debug|Any CPU.Build.0 = Debug|Any CPU
		{8057D18E-8D19-48A4-9022-04F154FA825A}.Release|Any CPU.ActiveCfg = Release|Any CPU
		{8057D18E-8D19-48A4-9022-04F154FA825A}.Release|Any CPU.Build.0 = Release|Any CPU
		{8A535087-E0DD-4EFF-9C31-19730D21584A}.Debug|Any CPU.ActiveCfg = Debug|Any CPU
		{8A535087-E0DD-4EFF-9C31-19730D21584A}.Debug|Any CPU.Build.0 = Debug|Any CPU
		{8A535087-E0DD-4EFF-9C31-19730D21584A}.Release|Any CPU.ActiveCfg = Release|Any CPU
		{8A535087-E0DD-4EFF-9C31-19730D21584A}.Release|Any CPU.Build.0 = Release|Any CPU
		{27F0BF4B-AF86-483A-96E6-06A7CFF44944}.Debug|Any CPU.ActiveCfg = Debug|Any CPU
		{27F0BF4B-AF86-483A-96E6-06A7CFF44944}.Debug|Any CPU.Build.0 = Debug|Any CPU
		{27F0BF4B-AF86-483A-96E6-06A7CFF44944}.Release|Any CPU.ActiveCfg = Release|Any CPU
		{27F0BF4B-AF86-483A-96E6-06A7CFF44944}.Release|Any CPU.Build.0 = Release|Any CPU
		{DDA2261C-E4CE-4531-8652-DDA524F151E2}.Debug|Any CPU.ActiveCfg = Debug|Any CPU
		{DDA2261C-E4CE-4531-8652-DDA524F151E2}.Debug|Any CPU.Build.0 = Debug|Any CPU
		{DDA2261C-E4CE-4531-8652-DDA524F151E2}.Release|Any CPU.ActiveCfg = Release|Any CPU
		{DDA2261C-E4CE-4531-8652-DDA524F151E2}.Release|Any CPU.Build.0 = Release|Any CPU
		{DF1AE16C-83DF-458C-AB04-5C0692E62856}.Debug|Any CPU.ActiveCfg = Debug|Any CPU
		{DF1AE16C-83DF-458C-AB04-5C0692E62856}.Debug|Any CPU.Build.0 = Debug|Any CPU
		{DF1AE16C-83DF-458C-AB04-5C0692E62856}.Release|Any CPU.ActiveCfg = Release|Any CPU
		{DF1AE16C-83DF-458C-AB04-5C0692E62856}.Release|Any CPU.Build.0 = Release|Any CPU
		{6DC3A497-C3EF-4F62-8C10-CDC7C91D4869}.Debug|Any CPU.ActiveCfg = Debug|Any CPU
		{6DC3A497-C3EF-4F62-8C10-CDC7C91D4869}.Debug|Any CPU.Build.0 = Debug|Any CPU
		{6DC3A497-C3EF-4F62-8C10-CDC7C91D4869}.Release|Any CPU.ActiveCfg = Release|Any CPU
		{6DC3A497-C3EF-4F62-8C10-CDC7C91D4869}.Release|Any CPU.Build.0 = Release|Any CPU
		{D5232650-B4AB-4B94-8DF8-32804A2B837F}.Debug|Any CPU.ActiveCfg = Debug|Any CPU
		{D5232650-B4AB-4B94-8DF8-32804A2B837F}.Debug|Any CPU.Build.0 = Debug|Any CPU
		{D5232650-B4AB-4B94-8DF8-32804A2B837F}.Release|Any CPU.ActiveCfg = Release|Any CPU
		{D5232650-B4AB-4B94-8DF8-32804A2B837F}.Release|Any CPU.Build.0 = Release|Any CPU
		{53972BC3-4F1D-4D9A-9E88-94239E68BD1A}.Debug|Any CPU.ActiveCfg = Debug|Any CPU
		{53972BC3-4F1D-4D9A-9E88-94239E68BD1A}.Debug|Any CPU.Build.0 = Debug|Any CPU
		{53972BC3-4F1D-4D9A-9E88-94239E68BD1A}.Release|Any CPU.ActiveCfg = Release|Any CPU
		{53972BC3-4F1D-4D9A-9E88-94239E68BD1A}.Release|Any CPU.Build.0 = Release|Any CPU
		{785D15AD-6F3D-4957-A5ED-A2CAE03DC009}.Debug|Any CPU.ActiveCfg = Debug|Any CPU
		{785D15AD-6F3D-4957-A5ED-A2CAE03DC009}.Debug|Any CPU.Build.0 = Debug|Any CPU
		{785D15AD-6F3D-4957-A5ED-A2CAE03DC009}.Release|Any CPU.ActiveCfg = Release|Any CPU
		{785D15AD-6F3D-4957-A5ED-A2CAE03DC009}.Release|Any CPU.Build.0 = Release|Any CPU
		{67B8E670-0444-4EE5-BCE9-02FAC2442EC6}.Debug|Any CPU.ActiveCfg = Debug|Any CPU
		{67B8E670-0444-4EE5-BCE9-02FAC2442EC6}.Debug|Any CPU.Build.0 = Debug|Any CPU
		{67B8E670-0444-4EE5-BCE9-02FAC2442EC6}.Release|Any CPU.ActiveCfg = Release|Any CPU
		{67B8E670-0444-4EE5-BCE9-02FAC2442EC6}.Release|Any CPU.Build.0 = Release|Any CPU
		{E00CE574-2656-439B-9F77-05209F32A16C}.Debug|Any CPU.ActiveCfg = Debug|Any CPU
		{E00CE574-2656-439B-9F77-05209F32A16C}.Debug|Any CPU.Build.0 = Debug|Any CPU
		{E00CE574-2656-439B-9F77-05209F32A16C}.Release|Any CPU.ActiveCfg = Release|Any CPU
		{E00CE574-2656-439B-9F77-05209F32A16C}.Release|Any CPU.Build.0 = Release|Any CPU
		{99A59E1F-B190-4397-B77D-589513B97E3B}.Debug|Any CPU.ActiveCfg = Debug|Any CPU
		{99A59E1F-B190-4397-B77D-589513B97E3B}.Debug|Any CPU.Build.0 = Debug|Any CPU
		{99A59E1F-B190-4397-B77D-589513B97E3B}.Release|Any CPU.ActiveCfg = Release|Any CPU
		{99A59E1F-B190-4397-B77D-589513B97E3B}.Release|Any CPU.Build.0 = Release|Any CPU
		{B1988FD9-15CC-4CAC-BE3A-8AA89868AADF}.Debug|Any CPU.ActiveCfg = Debug|Any CPU
		{B1988FD9-15CC-4CAC-BE3A-8AA89868AADF}.Debug|Any CPU.Build.0 = Debug|Any CPU
		{B1988FD9-15CC-4CAC-BE3A-8AA89868AADF}.Release|Any CPU.ActiveCfg = Release|Any CPU
		{B1988FD9-15CC-4CAC-BE3A-8AA89868AADF}.Release|Any CPU.Build.0 = Release|Any CPU
		{F4F52869-99C9-4280-938A-E2BD2ECD3D93}.Debug|Any CPU.ActiveCfg = Debug|Any CPU
		{F4F52869-99C9-4280-938A-E2BD2ECD3D93}.Debug|Any CPU.Build.0 = Debug|Any CPU
		{F4F52869-99C9-4280-938A-E2BD2ECD3D93}.Release|Any CPU.ActiveCfg = Release|Any CPU
		{F4F52869-99C9-4280-938A-E2BD2ECD3D93}.Release|Any CPU.Build.0 = Release|Any CPU
		{F8E50320-F931-4022-B58F-5EAEC032BB55}.Debug|Any CPU.ActiveCfg = Debug|Any CPU
		{F8E50320-F931-4022-B58F-5EAEC032BB55}.Debug|Any CPU.Build.0 = Debug|Any CPU
		{F8E50320-F931-4022-B58F-5EAEC032BB55}.Release|Any CPU.ActiveCfg = Release|Any CPU
		{F8E50320-F931-4022-B58F-5EAEC032BB55}.Release|Any CPU.Build.0 = Release|Any CPU
		{EA269790-0159-4B95-915F-BEBDBDB7C134}.Debug|Any CPU.ActiveCfg = Debug|Any CPU
		{EA269790-0159-4B95-915F-BEBDBDB7C134}.Debug|Any CPU.Build.0 = Debug|Any CPU
		{EA269790-0159-4B95-915F-BEBDBDB7C134}.Release|Any CPU.ActiveCfg = Release|Any CPU
		{EA269790-0159-4B95-915F-BEBDBDB7C134}.Release|Any CPU.Build.0 = Release|Any CPU
		{7E1A082F-D967-4253-9C1A-965910E0F5E2}.Debug|Any CPU.ActiveCfg = Debug|Any CPU
		{7E1A082F-D967-4253-9C1A-965910E0F5E2}.Debug|Any CPU.Build.0 = Debug|Any CPU
		{7E1A082F-D967-4253-9C1A-965910E0F5E2}.Release|Any CPU.ActiveCfg = Release|Any CPU
		{7E1A082F-D967-4253-9C1A-965910E0F5E2}.Release|Any CPU.Build.0 = Release|Any CPU
		{30B8EBAC-0B8A-4DC0-A85C-3FDF0A0C14F9}.Debug|Any CPU.ActiveCfg = Debug|Any CPU
		{30B8EBAC-0B8A-4DC0-A85C-3FDF0A0C14F9}.Debug|Any CPU.Build.0 = Debug|Any CPU
		{30B8EBAC-0B8A-4DC0-A85C-3FDF0A0C14F9}.Release|Any CPU.ActiveCfg = Release|Any CPU
		{30B8EBAC-0B8A-4DC0-A85C-3FDF0A0C14F9}.Release|Any CPU.Build.0 = Release|Any CPU
		{52D62361-43FA-4193-B6F0-E99C7BE8D5BC}.Debug|Any CPU.ActiveCfg = Debug|Any CPU
		{52D62361-43FA-4193-B6F0-E99C7BE8D5BC}.Debug|Any CPU.Build.0 = Debug|Any CPU
		{52D62361-43FA-4193-B6F0-E99C7BE8D5BC}.Release|Any CPU.ActiveCfg = Release|Any CPU
		{52D62361-43FA-4193-B6F0-E99C7BE8D5BC}.Release|Any CPU.Build.0 = Release|Any CPU
		{AFFBA24D-37A6-4A94-A8BC-807750675288}.Debug|Any CPU.ActiveCfg = Debug|Any CPU
		{AFFBA24D-37A6-4A94-A8BC-807750675288}.Debug|Any CPU.Build.0 = Debug|Any CPU
		{AFFBA24D-37A6-4A94-A8BC-807750675288}.Release|Any CPU.ActiveCfg = Release|Any CPU
		{AFFBA24D-37A6-4A94-A8BC-807750675288}.Release|Any CPU.Build.0 = Release|Any CPU
		{B62B836B-348B-4B03-A6CD-953EAE8BCD5D}.Debug|Any CPU.ActiveCfg = Debug|Any CPU
		{B62B836B-348B-4B03-A6CD-953EAE8BCD5D}.Debug|Any CPU.Build.0 = Debug|Any CPU
		{B62B836B-348B-4B03-A6CD-953EAE8BCD5D}.Release|Any CPU.ActiveCfg = Release|Any CPU
		{B62B836B-348B-4B03-A6CD-953EAE8BCD5D}.Release|Any CPU.Build.0 = Release|Any CPU
		{42B3D71A-644D-4BBC-A3D8-EA16715A9B0D}.Debug|Any CPU.ActiveCfg = Debug|Any CPU
		{42B3D71A-644D-4BBC-A3D8-EA16715A9B0D}.Debug|Any CPU.Build.0 = Debug|Any CPU
		{42B3D71A-644D-4BBC-A3D8-EA16715A9B0D}.Release|Any CPU.ActiveCfg = Release|Any CPU
		{42B3D71A-644D-4BBC-A3D8-EA16715A9B0D}.Release|Any CPU.Build.0 = Release|Any CPU
		{FB5F12E7-087B-46DC-92BE-14FCB0119A72}.Debug|Any CPU.ActiveCfg = Debug|Any CPU
		{FB5F12E7-087B-46DC-92BE-14FCB0119A72}.Debug|Any CPU.Build.0 = Debug|Any CPU
		{FB5F12E7-087B-46DC-92BE-14FCB0119A72}.Release|Any CPU.ActiveCfg = Release|Any CPU
		{FB5F12E7-087B-46DC-92BE-14FCB0119A72}.Release|Any CPU.Build.0 = Release|Any CPU
		{67FBF8DD-2FB3-4438-841D-03AAC403A8F4}.Debug|Any CPU.ActiveCfg = Debug|Any CPU
		{67FBF8DD-2FB3-4438-841D-03AAC403A8F4}.Debug|Any CPU.Build.0 = Debug|Any CPU
		{67FBF8DD-2FB3-4438-841D-03AAC403A8F4}.Release|Any CPU.ActiveCfg = Release|Any CPU
		{67FBF8DD-2FB3-4438-841D-03AAC403A8F4}.Release|Any CPU.Build.0 = Release|Any CPU
		{59BEB87F-9168-4BAE-9A01-81367DACDE9C}.Debug|Any CPU.ActiveCfg = Debug|Any CPU
		{59BEB87F-9168-4BAE-9A01-81367DACDE9C}.Debug|Any CPU.Build.0 = Debug|Any CPU
		{59BEB87F-9168-4BAE-9A01-81367DACDE9C}.Release|Any CPU.ActiveCfg = Release|Any CPU
		{59BEB87F-9168-4BAE-9A01-81367DACDE9C}.Release|Any CPU.Build.0 = Release|Any CPU
		{0F60DCF5-33F0-4B3B-A0F1-164EA10A8C13}.Debug|Any CPU.ActiveCfg = Debug|Any CPU
		{0F60DCF5-33F0-4B3B-A0F1-164EA10A8C13}.Debug|Any CPU.Build.0 = Debug|Any CPU
		{0F60DCF5-33F0-4B3B-A0F1-164EA10A8C13}.Release|Any CPU.ActiveCfg = Release|Any CPU
		{0F60DCF5-33F0-4B3B-A0F1-164EA10A8C13}.Release|Any CPU.Build.0 = Release|Any CPU
		{99512190-3D97-4D50-BE6E-E9551F1CF5D0}.Debug|Any CPU.ActiveCfg = Debug|Any CPU
		{99512190-3D97-4D50-BE6E-E9551F1CF5D0}.Debug|Any CPU.Build.0 = Debug|Any CPU
		{99512190-3D97-4D50-BE6E-E9551F1CF5D0}.Release|Any CPU.ActiveCfg = Release|Any CPU
		{99512190-3D97-4D50-BE6E-E9551F1CF5D0}.Release|Any CPU.Build.0 = Release|Any CPU
		{D02DCE9A-0984-4FCA-8C34-713771B09482}.Debug|Any CPU.ActiveCfg = Debug|Any CPU
		{D02DCE9A-0984-4FCA-8C34-713771B09482}.Debug|Any CPU.Build.0 = Debug|Any CPU
		{D02DCE9A-0984-4FCA-8C34-713771B09482}.Release|Any CPU.ActiveCfg = Release|Any CPU
		{D02DCE9A-0984-4FCA-8C34-713771B09482}.Release|Any CPU.Build.0 = Release|Any CPU
		{07ECF8A8-CDD4-4823-A78F-1B4DE39F32D6}.Debug|Any CPU.ActiveCfg = Debug|Any CPU
		{07ECF8A8-CDD4-4823-A78F-1B4DE39F32D6}.Debug|Any CPU.Build.0 = Debug|Any CPU
		{07ECF8A8-CDD4-4823-A78F-1B4DE39F32D6}.Release|Any CPU.ActiveCfg = Release|Any CPU
		{07ECF8A8-CDD4-4823-A78F-1B4DE39F32D6}.Release|Any CPU.Build.0 = Release|Any CPU
		{AAE327AE-30DE-4CB3-A51C-4702BEDC0CFE}.Debug|Any CPU.ActiveCfg = Debug|Any CPU
		{AAE327AE-30DE-4CB3-A51C-4702BEDC0CFE}.Debug|Any CPU.Build.0 = Debug|Any CPU
		{AAE327AE-30DE-4CB3-A51C-4702BEDC0CFE}.Release|Any CPU.ActiveCfg = Release|Any CPU
		{AAE327AE-30DE-4CB3-A51C-4702BEDC0CFE}.Release|Any CPU.Build.0 = Release|Any CPU
		{9EBB31A4-AB8E-4DA0-BCDE-CC9A1FD2B633}.Debug|Any CPU.ActiveCfg = Debug|Any CPU
		{9EBB31A4-AB8E-4DA0-BCDE-CC9A1FD2B633}.Debug|Any CPU.Build.0 = Debug|Any CPU
		{9EBB31A4-AB8E-4DA0-BCDE-CC9A1FD2B633}.Release|Any CPU.ActiveCfg = Release|Any CPU
		{9EBB31A4-AB8E-4DA0-BCDE-CC9A1FD2B633}.Release|Any CPU.Build.0 = Release|Any CPU
		{C1B1FAE7-8E31-4962-B9A8-7E1DE74F05B2}.Debug|Any CPU.ActiveCfg = Debug|Any CPU
		{C1B1FAE7-8E31-4962-B9A8-7E1DE74F05B2}.Debug|Any CPU.Build.0 = Debug|Any CPU
		{C1B1FAE7-8E31-4962-B9A8-7E1DE74F05B2}.Release|Any CPU.ActiveCfg = Release|Any CPU
		{C1B1FAE7-8E31-4962-B9A8-7E1DE74F05B2}.Release|Any CPU.Build.0 = Release|Any CPU
		{08275D3C-E975-44A2-91A7-2A7A4107AC3A}.Debug|Any CPU.ActiveCfg = Debug|Any CPU
		{08275D3C-E975-44A2-91A7-2A7A4107AC3A}.Debug|Any CPU.Build.0 = Debug|Any CPU
		{08275D3C-E975-44A2-91A7-2A7A4107AC3A}.Release|Any CPU.ActiveCfg = Release|Any CPU
		{08275D3C-E975-44A2-91A7-2A7A4107AC3A}.Release|Any CPU.Build.0 = Release|Any CPU
		{10AB5659-3CEA-436E-BE1B-4E167153B7DB}.Debug|Any CPU.ActiveCfg = Debug|Any CPU
		{10AB5659-3CEA-436E-BE1B-4E167153B7DB}.Debug|Any CPU.Build.0 = Debug|Any CPU
		{10AB5659-3CEA-436E-BE1B-4E167153B7DB}.Release|Any CPU.ActiveCfg = Release|Any CPU
		{10AB5659-3CEA-436E-BE1B-4E167153B7DB}.Release|Any CPU.Build.0 = Release|Any CPU
		{8D31E0A7-A1BD-4623-BA2B-CBD6591490D0}.Debug|Any CPU.ActiveCfg = Debug|Any CPU
		{8D31E0A7-A1BD-4623-BA2B-CBD6591490D0}.Debug|Any CPU.Build.0 = Debug|Any CPU
		{8D31E0A7-A1BD-4623-BA2B-CBD6591490D0}.Release|Any CPU.ActiveCfg = Release|Any CPU
		{8D31E0A7-A1BD-4623-BA2B-CBD6591490D0}.Release|Any CPU.Build.0 = Release|Any CPU
		{639E55EB-8D6D-42B9-90F5-711A369699A5}.Debug|Any CPU.ActiveCfg = Debug|Any CPU
		{639E55EB-8D6D-42B9-90F5-711A369699A5}.Debug|Any CPU.Build.0 = Debug|Any CPU
		{639E55EB-8D6D-42B9-90F5-711A369699A5}.Release|Any CPU.ActiveCfg = Release|Any CPU
		{639E55EB-8D6D-42B9-90F5-711A369699A5}.Release|Any CPU.Build.0 = Release|Any CPU
		{B4BC5B37-3BAD-4B9E-BB00-F8D02F51D736}.Debug|Any CPU.ActiveCfg = Debug|Any CPU
		{B4BC5B37-3BAD-4B9E-BB00-F8D02F51D736}.Debug|Any CPU.Build.0 = Debug|Any CPU
		{B4BC5B37-3BAD-4B9E-BB00-F8D02F51D736}.Release|Any CPU.ActiveCfg = Release|Any CPU
		{B4BC5B37-3BAD-4B9E-BB00-F8D02F51D736}.Release|Any CPU.Build.0 = Release|Any CPU
	EndGlobalSection
	GlobalSection(SolutionProperties) = preSolution
		HideSolutionNode = FALSE
	EndGlobalSection
	GlobalSection(ExtensibilityGlobals) = postSolution
		SolutionGuid = {8E4D9D4F-C63F-49F0-ABA2-A79F64BE2349}
	EndGlobalSection
EndGlobal
